// !$*UTF8*$!
{
	archiveVersion = 1;
	classes = {
	};
	objectVersion = 55;
	objects = {

/* Begin PBXBuildFile section */
		9B1B0EDE27314D3C00ACC62C /* ebagilboApp.swift in Sources */ = {isa = PBXBuildFile; fileRef = 9B1B0EDD27314D3C00ACC62C /* ebagilboApp.swift */; };
		9B1B0EE027314D3C00ACC62C /* ContentView.swift in Sources */ = {isa = PBXBuildFile; fileRef = 9B1B0EDF27314D3C00ACC62C /* ContentView.swift */; };
		9B1B0EE227314D3E00ACC62C /* Assets.xcassets in Resources */ = {isa = PBXBuildFile; fileRef = 9B1B0EE127314D3E00ACC62C /* Assets.xcassets */; };
		9B1B0EE527314D3E00ACC62C /* Preview Assets.xcassets in Resources */ = {isa = PBXBuildFile; fileRef = 9B1B0EE427314D3E00ACC62C /* Preview Assets.xcassets */; };
		9B1B0EEE27315B2F00ACC62C /* bitgoeul_Medium.otf in Resources */ = {isa = PBXBuildFile; fileRef = 9B1B0EEB27315B2F00ACC62C /* bitgoeul_Medium.otf */; };
		9B1B0EEF27315B2F00ACC62C /* bitgoeul_Bold.otf in Resources */ = {isa = PBXBuildFile; fileRef = 9B1B0EEC27315B2F00ACC62C /* bitgoeul_Bold.otf */; };
		9B1B0EF027315B2F00ACC62C /* bitgoeul_Light.otf in Resources */ = {isa = PBXBuildFile; fileRef = 9B1B0EED27315B2F00ACC62C /* bitgoeul_Light.otf */; };
		9B1B0EF72732308000ACC62C /* User.swift in Sources */ = {isa = PBXBuildFile; fileRef = 9B1B0EF62732308000ACC62C /* User.swift */; };
		9B1B0EF92732387D00ACC62C /* Assessment.swift in Sources */ = {isa = PBXBuildFile; fileRef = 9B1B0EF82732387D00ACC62C /* Assessment.swift */; };
		9B7459612732415800F4480B /* Article.swift in Sources */ = {isa = PBXBuildFile; fileRef = 9B7459602732415800F4480B /* Article.swift */; };
		9B745965273369E400F4480B /* ArticleView.swift in Sources */ = {isa = PBXBuildFile; fileRef = 9B745964273369E400F4480B /* ArticleView.swift */; };
		9B74596727338BAE00F4480B /* geulzza.swift in Sources */ = {isa = PBXBuildFile; fileRef = 9B74596627338BAE00F4480B /* geulzza.swift */; };
		9B74596E2733DCBD00F4480B /* kimdaegeon_Light.otf in Resources */ = {isa = PBXBuildFile; fileRef = 9B74596C2733DCBD00F4480B /* kimdaegeon_Light.otf */; };
		9B74596F2733DCBD00F4480B /* kimdaegeon_Medium.otf in Resources */ = {isa = PBXBuildFile; fileRef = 9B74596D2733DCBD00F4480B /* kimdaegeon_Medium.otf */; };
		9B7459752733DEFF00F4480B /* MaruBuri-SemiBold.otf in Resources */ = {isa = PBXBuildFile; fileRef = 9B7459702733DEFE00F4480B /* MaruBuri-SemiBold.otf */; };
		9B7459762733DEFF00F4480B /* MaruBuri-Bold.otf in Resources */ = {isa = PBXBuildFile; fileRef = 9B7459712733DEFF00F4480B /* MaruBuri-Bold.otf */; };
		9B7459772733DEFF00F4480B /* MaruBuri-Regular.otf in Resources */ = {isa = PBXBuildFile; fileRef = 9B7459722733DEFF00F4480B /* MaruBuri-Regular.otf */; };
		9B7459782733DEFF00F4480B /* MaruBuri-ExtraLight.otf in Resources */ = {isa = PBXBuildFile; fileRef = 9B7459732733DEFF00F4480B /* MaruBuri-ExtraLight.otf */; };
		9B7459792733DEFF00F4480B /* MaruBuri-Light.otf in Resources */ = {isa = PBXBuildFile; fileRef = 9B7459742733DEFF00F4480B /* MaruBuri-Light.otf */; };
		9B74597B2734B1E700F4480B /* A-OTF-KochoStd-Heavy.otf in Resources */ = {isa = PBXBuildFile; fileRef = 9B74597A2734B1E600F4480B /* A-OTF-KochoStd-Heavy.otf */; };
		9B74597D2734B22600F4480B /* HanWangMingBlack.ttf in Resources */ = {isa = PBXBuildFile; fileRef = 9B74597C2734B22600F4480B /* HanWangMingBlack.ttf */; };
/* End PBXBuildFile section */

/* Begin PBXFileReference section */
		9B1B0EDA27314D3C00ACC62C /* ebagilbo.app */ = {isa = PBXFileReference; explicitFileType = wrapper.application; includeInIndex = 0; path = ebagilbo.app; sourceTree = BUILT_PRODUCTS_DIR; };
		9B1B0EDD27314D3C00ACC62C /* ebagilboApp.swift */ = {isa = PBXFileReference; lastKnownFileType = sourcecode.swift; path = ebagilboApp.swift; sourceTree = "<group>"; };
		9B1B0EDF27314D3C00ACC62C /* ContentView.swift */ = {isa = PBXFileReference; lastKnownFileType = sourcecode.swift; path = ContentView.swift; sourceTree = "<group>"; };
		9B1B0EE127314D3E00ACC62C /* Assets.xcassets */ = {isa = PBXFileReference; lastKnownFileType = folder.assetcatalog; path = Assets.xcassets; sourceTree = "<group>"; };
		9B1B0EE427314D3E00ACC62C /* Preview Assets.xcassets */ = {isa = PBXFileReference; lastKnownFileType = folder.assetcatalog; path = "Preview Assets.xcassets"; sourceTree = "<group>"; };
		9B1B0EEB27315B2F00ACC62C /* bitgoeul_Medium.otf */ = {isa = PBXFileReference; lastKnownFileType = file; path = bitgoeul_Medium.otf; sourceTree = "<group>"; };
		9B1B0EEC27315B2F00ACC62C /* bitgoeul_Bold.otf */ = {isa = PBXFileReference; lastKnownFileType = file; path = bitgoeul_Bold.otf; sourceTree = "<group>"; };
		9B1B0EED27315B2F00ACC62C /* bitgoeul_Light.otf */ = {isa = PBXFileReference; lastKnownFileType = file; path = bitgoeul_Light.otf; sourceTree = "<group>"; };
		9B1B0EF127315B5400ACC62C /* Info.plist */ = {isa = PBXFileReference; lastKnownFileType = text.plist; path = Info.plist; sourceTree = "<group>"; };
		9B1B0EF62732308000ACC62C /* User.swift */ = {isa = PBXFileReference; lastKnownFileType = sourcecode.swift; path = User.swift; sourceTree = "<group>"; };
		9B1B0EF82732387D00ACC62C /* Assessment.swift */ = {isa = PBXFileReference; lastKnownFileType = sourcecode.swift; path = Assessment.swift; sourceTree = "<group>"; };
		9B7459602732415800F4480B /* Article.swift */ = {isa = PBXFileReference; lastKnownFileType = sourcecode.swift; path = Article.swift; sourceTree = "<group>"; };
		9B745964273369E400F4480B /* ArticleView.swift */ = {isa = PBXFileReference; lastKnownFileType = sourcecode.swift; path = ArticleView.swift; sourceTree = "<group>"; };
		9B74596627338BAE00F4480B /* geulzza.swift */ = {isa = PBXFileReference; lastKnownFileType = sourcecode.swift; path = geulzza.swift; sourceTree = "<group>"; };
		9B74596C2733DCBD00F4480B /* kimdaegeon_Light.otf */ = {isa = PBXFileReference; lastKnownFileType = file; path = kimdaegeon_Light.otf; sourceTree = "<group>"; };
		9B74596D2733DCBD00F4480B /* kimdaegeon_Medium.otf */ = {isa = PBXFileReference; lastKnownFileType = file; path = kimdaegeon_Medium.otf; sourceTree = "<group>"; };
		9B7459702733DEFE00F4480B /* MaruBuri-SemiBold.otf */ = {isa = PBXFileReference; lastKnownFileType = file; path = "MaruBuri-SemiBold.otf"; sourceTree = "<group>"; };
		9B7459712733DEFF00F4480B /* MaruBuri-Bold.otf */ = {isa = PBXFileReference; lastKnownFileType = file; path = "MaruBuri-Bold.otf"; sourceTree = "<group>"; };
		9B7459722733DEFF00F4480B /* MaruBuri-Regular.otf */ = {isa = PBXFileReference; lastKnownFileType = file; path = "MaruBuri-Regular.otf"; sourceTree = "<group>"; };
		9B7459732733DEFF00F4480B /* MaruBuri-ExtraLight.otf */ = {isa = PBXFileReference; lastKnownFileType = file; path = "MaruBuri-ExtraLight.otf"; sourceTree = "<group>"; };
		9B7459742733DEFF00F4480B /* MaruBuri-Light.otf */ = {isa = PBXFileReference; lastKnownFileType = file; path = "MaruBuri-Light.otf"; sourceTree = "<group>"; };
		9B74597A2734B1E600F4480B /* A-OTF-KochoStd-Heavy.otf */ = {isa = PBXFileReference; lastKnownFileType = file; path = "A-OTF-KochoStd-Heavy.otf"; sourceTree = "<group>"; };
		9B74597C2734B22600F4480B /* HanWangMingBlack.ttf */ = {isa = PBXFileReference; lastKnownFileType = file; path = HanWangMingBlack.ttf; sourceTree = "<group>"; };
/* End PBXFileReference section */

/* Begin PBXFrameworksBuildPhase section */
		9B1B0ED727314D3C00ACC62C /* Frameworks */ = {
			isa = PBXFrameworksBuildPhase;
			buildActionMask = 2147483647;
			files = (
			);
			runOnlyForDeploymentPostprocessing = 0;
		};
/* End PBXFrameworksBuildPhase section */

/* Begin PBXGroup section */
		9B1B0ED127314D3C00ACC62C = {
			isa = PBXGroup;
			children = (
				9B1B0EDC27314D3C00ACC62C /* ebagilbo */,
				9B1B0EDB27314D3C00ACC62C /* Products */,
			);
			sourceTree = "<group>";
		};
		9B1B0EDB27314D3C00ACC62C /* Products */ = {
			isa = PBXGroup;
			children = (
				9B1B0EDA27314D3C00ACC62C /* ebagilbo.app */,
			);
			name = Products;
			sourceTree = "<group>";
		};
		9B1B0EDC27314D3C00ACC62C /* ebagilbo */ = {
			isa = PBXGroup;
			children = (
				9B1B0EF127315B5400ACC62C /* Info.plist */,
				9B1B0EDD27314D3C00ACC62C /* ebagilboApp.swift */,
				9B1B0EDF27314D3C00ACC62C /* ContentView.swift */,
				9B74596627338BAE00F4480B /* geulzza.swift */,
				9B7459602732415800F4480B /* Article.swift */,
				9B745964273369E400F4480B /* ArticleView.swift */,
				9B1B0EF62732308000ACC62C /* User.swift */,
				9B1B0EF82732387D00ACC62C /* Assessment.swift */,
				9B1B0EE127314D3E00ACC62C /* Assets.xcassets */,
				9B1B0EEC27315B2F00ACC62C /* bitgoeul_Bold.otf */,
				9B1B0EED27315B2F00ACC62C /* bitgoeul_Light.otf */,
				9B1B0EEB27315B2F00ACC62C /* bitgoeul_Medium.otf */,
				9B74596C2733DCBD00F4480B /* kimdaegeon_Light.otf */,
				9B74596D2733DCBD00F4480B /* kimdaegeon_Medium.otf */,
				9B7459712733DEFF00F4480B /* MaruBuri-Bold.otf */,
				9B7459732733DEFF00F4480B /* MaruBuri-ExtraLight.otf */,
				9B7459742733DEFF00F4480B /* MaruBuri-Light.otf */,
				9B7459722733DEFF00F4480B /* MaruBuri-Regular.otf */,
				9B7459702733DEFE00F4480B /* MaruBuri-SemiBold.otf */,
				9B74597A2734B1E600F4480B /* A-OTF-KochoStd-Heavy.otf */,
				9B74597C2734B22600F4480B /* HanWangMingBlack.ttf */,
				9B1B0EE327314D3E00ACC62C /* Preview Content */,
			);
			path = ebagilbo;
			sourceTree = "<group>";
		};
		9B1B0EE327314D3E00ACC62C /* Preview Content */ = {
			isa = PBXGroup;
			children = (
				9B1B0EE427314D3E00ACC62C /* Preview Assets.xcassets */,
			);
			path = "Preview Content";
			sourceTree = "<group>";
		};
/* End PBXGroup section */

/* Begin PBXNativeTarget section */
		9B1B0ED927314D3C00ACC62C /* ebagilbo */ = {
			isa = PBXNativeTarget;
			buildConfigurationList = 9B1B0EE827314D3E00ACC62C /* Build configuration list for PBXNativeTarget "ebagilbo" */;
			buildPhases = (
				9B1B0ED627314D3C00ACC62C /* Sources */,
				9B1B0ED727314D3C00ACC62C /* Frameworks */,
				9B1B0ED827314D3C00ACC62C /* Resources */,
			);
			buildRules = (
			);
			dependencies = (
			);
			name = ebagilbo;
			productName = ebagilbo;
			productReference = 9B1B0EDA27314D3C00ACC62C /* ebagilbo.app */;
			productType = "com.apple.product-type.application";
		};
/* End PBXNativeTarget section */

/* Begin PBXProject section */
		9B1B0ED227314D3C00ACC62C /* Project object */ = {
			isa = PBXProject;
			attributes = {
				BuildIndependentTargetsInParallel = 1;
				LastSwiftUpdateCheck = 1310;
				LastUpgradeCheck = 1310;
				TargetAttributes = {
					9B1B0ED927314D3C00ACC62C = {
						CreatedOnToolsVersion = 13.1;
					};
				};
			};
			buildConfigurationList = 9B1B0ED527314D3C00ACC62C /* Build configuration list for PBXProject "ebagilbo" */;
			compatibilityVersion = "Xcode 13.0";
			developmentRegion = en;
			hasScannedForEncodings = 0;
			knownRegions = (
				en,
				Base,
			);
			mainGroup = 9B1B0ED127314D3C00ACC62C;
			productRefGroup = 9B1B0EDB27314D3C00ACC62C /* Products */;
			projectDirPath = "";
			projectRoot = "";
			targets = (
				9B1B0ED927314D3C00ACC62C /* ebagilbo */,
			);
		};
/* End PBXProject section */

/* Begin PBXResourcesBuildPhase section */
		9B1B0ED827314D3C00ACC62C /* Resources */ = {
			isa = PBXResourcesBuildPhase;
			buildActionMask = 2147483647;
			files = (
				9B74597D2734B22600F4480B /* HanWangMingBlack.ttf in Resources */,
				9B74596E2733DCBD00F4480B /* kimdaegeon_Light.otf in Resources */,
				9B74596F2733DCBD00F4480B /* kimdaegeon_Medium.otf in Resources */,
				9B1B0EE527314D3E00ACC62C /* Preview Assets.xcassets in Resources */,
				9B1B0EE227314D3E00ACC62C /* Assets.xcassets in Resources */,
				9B7459762733DEFF00F4480B /* MaruBuri-Bold.otf in Resources */,
				9B7459792733DEFF00F4480B /* MaruBuri-Light.otf in Resources */,
				9B74597B2734B1E700F4480B /* A-OTF-KochoStd-Heavy.otf in Resources */,
				9B1B0EEE27315B2F00ACC62C /* bitgoeul_Medium.otf in Resources */,
				9B7459782733DEFF00F4480B /* MaruBuri-ExtraLight.otf in Resources */,
				9B1B0EF027315B2F00ACC62C /* bitgoeul_Light.otf in Resources */,
				9B1B0EEF27315B2F00ACC62C /* bitgoeul_Bold.otf in Resources */,
				9B7459752733DEFF00F4480B /* MaruBuri-SemiBold.otf in Resources */,
				9B7459772733DEFF00F4480B /* MaruBuri-Regular.otf in Resources */,
			);
			runOnlyForDeploymentPostprocessing = 0;
		};
/* End PBXResourcesBuildPhase section */

/* Begin PBXSourcesBuildPhase section */
		9B1B0ED627314D3C00ACC62C /* Sources */ = {
			isa = PBXSourcesBuildPhase;
			buildActionMask = 2147483647;
			files = (
				9B7459612732415800F4480B /* Article.swift in Sources */,
				9B745965273369E400F4480B /* ArticleView.swift in Sources */,
				9B1B0EE027314D3C00ACC62C /* ContentView.swift in Sources */,
				9B74596727338BAE00F4480B /* geulzza.swift in Sources */,
				9B1B0EF72732308000ACC62C /* User.swift in Sources */,
				9B1B0EF92732387D00ACC62C /* Assessment.swift in Sources */,
				9B1B0EDE27314D3C00ACC62C /* ebagilboApp.swift in Sources */,
			);
			runOnlyForDeploymentPostprocessing = 0;
		};
/* End PBXSourcesBuildPhase section */

/* Begin XCBuildConfiguration section */
		9B1B0EE627314D3E00ACC62C /* Debug */ = {
			isa = XCBuildConfiguration;
			buildSettings = {
				ALWAYS_SEARCH_USER_PATHS = NO;
				CLANG_ANALYZER_NONNULL = YES;
				CLANG_ANALYZER_NUMBER_OBJECT_CONVERSION = YES_AGGRESSIVE;
				CLANG_CXX_LANGUAGE_STANDARD = "gnu++17";
				CLANG_CXX_LIBRARY = "libc++";
				CLANG_ENABLE_MODULES = YES;
				CLANG_ENABLE_OBJC_ARC = YES;
				CLANG_ENABLE_OBJC_WEAK = YES;
				CLANG_WARN_BLOCK_CAPTURE_AUTORELEASING = YES;
				CLANG_WARN_BOOL_CONVERSION = YES;
				CLANG_WARN_COMMA = YES;
				CLANG_WARN_CONSTANT_CONVERSION = YES;
				CLANG_WARN_DEPRECATED_OBJC_IMPLEMENTATIONS = YES;
				CLANG_WARN_DIRECT_OBJC_ISA_USAGE = YES_ERROR;
				CLANG_WARN_DOCUMENTATION_COMMENTS = YES;
				CLANG_WARN_EMPTY_BODY = YES;
				CLANG_WARN_ENUM_CONVERSION = YES;
				CLANG_WARN_INFINITE_RECURSION = YES;
				CLANG_WARN_INT_CONVERSION = YES;
				CLANG_WARN_NON_LITERAL_NULL_CONVERSION = YES;
				CLANG_WARN_OBJC_IMPLICIT_RETAIN_SELF = YES;
				CLANG_WARN_OBJC_LITERAL_CONVERSION = YES;
				CLANG_WARN_OBJC_ROOT_CLASS = YES_ERROR;
				CLANG_WARN_QUOTED_INCLUDE_IN_FRAMEWORK_HEADER = YES;
				CLANG_WARN_RANGE_LOOP_ANALYSIS = YES;
				CLANG_WARN_STRICT_PROTOTYPES = YES;
				CLANG_WARN_SUSPICIOUS_MOVE = YES;
				CLANG_WARN_UNGUARDED_AVAILABILITY = YES_AGGRESSIVE;
				CLANG_WARN_UNREACHABLE_CODE = YES;
				CLANG_WARN__DUPLICATE_METHOD_MATCH = YES;
				COPY_PHASE_STRIP = NO;
				DEBUG_INFORMATION_FORMAT = dwarf;
				ENABLE_STRICT_OBJC_MSGSEND = YES;
				ENABLE_TESTABILITY = YES;
				GCC_C_LANGUAGE_STANDARD = gnu11;
				GCC_DYNAMIC_NO_PIC = NO;
				GCC_NO_COMMON_BLOCKS = YES;
				GCC_OPTIMIZATION_LEVEL = 0;
				GCC_PREPROCESSOR_DEFINITIONS = (
					"DEBUG=1",
					"$(inherited)",
				);
				GCC_WARN_64_TO_32_BIT_CONVERSION = YES;
				GCC_WARN_ABOUT_RETURN_TYPE = YES_ERROR;
				GCC_WARN_UNDECLARED_SELECTOR = YES;
				GCC_WARN_UNINITIALIZED_AUTOS = YES_AGGRESSIVE;
				GCC_WARN_UNUSED_FUNCTION = YES;
				GCC_WARN_UNUSED_VARIABLE = YES;
				IPHONEOS_DEPLOYMENT_TARGET = 15.0;
				MTL_ENABLE_DEBUG_INFO = INCLUDE_SOURCE;
				MTL_FAST_MATH = YES;
				ONLY_ACTIVE_ARCH = YES;
				SDKROOT = iphoneos;
				SWIFT_ACTIVE_COMPILATION_CONDITIONS = DEBUG;
				SWIFT_OPTIMIZATION_LEVEL = "-Onone";
			};
			name = Debug;
		};
		9B1B0EE727314D3E00ACC62C /* Release */ = {
			isa = XCBuildConfiguration;
			buildSettings = {
				ALWAYS_SEARCH_USER_PATHS = NO;
				CLANG_ANALYZER_NONNULL = YES;
				CLANG_ANALYZER_NUMBER_OBJECT_CONVERSION = YES_AGGRESSIVE;
				CLANG_CXX_LANGUAGE_STANDARD = "gnu++17";
				CLANG_CXX_LIBRARY = "libc++";
				CLANG_ENABLE_MODULES = YES;
				CLANG_ENABLE_OBJC_ARC = YES;
				CLANG_ENABLE_OBJC_WEAK = YES;
				CLANG_WARN_BLOCK_CAPTURE_AUTORELEASING = YES;
				CLANG_WARN_BOOL_CONVERSION = YES;
				CLANG_WARN_COMMA = YES;
				CLANG_WARN_CONSTANT_CONVERSION = YES;
				CLANG_WARN_DEPRECATED_OBJC_IMPLEMENTATIONS = YES;
				CLANG_WARN_DIRECT_OBJC_ISA_USAGE = YES_ERROR;
				CLANG_WARN_DOCUMENTATION_COMMENTS = YES;
				CLANG_WARN_EMPTY_BODY = YES;
				CLANG_WARN_ENUM_CONVERSION = YES;
				CLANG_WARN_INFINITE_RECURSION = YES;
				CLANG_WARN_INT_CONVERSION = YES;
				CLANG_WARN_NON_LITERAL_NULL_CONVERSION = YES;
				CLANG_WARN_OBJC_IMPLICIT_RETAIN_SELF = YES;
				CLANG_WARN_OBJC_LITERAL_CONVERSION = YES;
				CLANG_WARN_OBJC_ROOT_CLASS = YES_ERROR;
				CLANG_WARN_QUOTED_INCLUDE_IN_FRAMEWORK_HEADER = YES;
				CLANG_WARN_RANGE_LOOP_ANALYSIS = YES;
				CLANG_WARN_STRICT_PROTOTYPES = YES;
				CLANG_WARN_SUSPICIOUS_MOVE = YES;
				CLANG_WARN_UNGUARDED_AVAILABILITY = YES_AGGRESSIVE;
				CLANG_WARN_UNREACHABLE_CODE = YES;
				CLANG_WARN__DUPLICATE_METHOD_MATCH = YES;
				COPY_PHASE_STRIP = NO;
				DEBUG_INFORMATION_FORMAT = "dwarf-with-dsym";
				ENABLE_NS_ASSERTIONS = NO;
				ENABLE_STRICT_OBJC_MSGSEND = YES;
				GCC_C_LANGUAGE_STANDARD = gnu11;
				GCC_NO_COMMON_BLOCKS = YES;
				GCC_WARN_64_TO_32_BIT_CONVERSION = YES;
				GCC_WARN_ABOUT_RETURN_TYPE = YES_ERROR;
				GCC_WARN_UNDECLARED_SELECTOR = YES;
				GCC_WARN_UNINITIALIZED_AUTOS = YES_AGGRESSIVE;
				GCC_WARN_UNUSED_FUNCTION = YES;
				GCC_WARN_UNUSED_VARIABLE = YES;
				IPHONEOS_DEPLOYMENT_TARGET = 15.0;
				MTL_ENABLE_DEBUG_INFO = NO;
				MTL_FAST_MATH = YES;
				SDKROOT = iphoneos;
				SWIFT_COMPILATION_MODE = wholemodule;
				SWIFT_OPTIMIZATION_LEVEL = "-O";
				VALIDATE_PRODUCT = YES;
			};
			name = Release;
		};
		9B1B0EE927314D3E00ACC62C /* Debug */ = {
			isa = XCBuildConfiguration;
			buildSettings = {
				ASSETCATALOG_COMPILER_APPICON_NAME = AppIcon;
				ASSETCATALOG_COMPILER_GLOBAL_ACCENT_COLOR_NAME = AccentColor;
				CODE_SIGN_STYLE = Automatic;
				CURRENT_PROJECT_VERSION = 1;
				DEVELOPMENT_ASSET_PATHS = "\"ebagilbo/Preview Content\"";
				DEVELOPMENT_TEAM = WUAP2PU52R;
				ENABLE_PREVIEWS = YES;
				GENERATE_INFOPLIST_FILE = YES;
				INFOPLIST_FILE = ebagilbo/Info.plist;
				INFOPLIST_KEY_UIApplicationSceneManifest_Generation = YES;
				INFOPLIST_KEY_UIApplicationSupportsIndirectInputEvents = YES;
				INFOPLIST_KEY_UILaunchScreen_Generation = YES;
				INFOPLIST_KEY_UISupportedInterfaceOrientations_iPad = "UIInterfaceOrientationPortrait UIInterfaceOrientationPortraitUpsideDown UIInterfaceOrientationLandscapeLeft UIInterfaceOrientationLandscapeRight";
				INFOPLIST_KEY_UISupportedInterfaceOrientations_iPhone = "UIInterfaceOrientationPortrait UIInterfaceOrientationLandscapeLeft UIInterfaceOrientationLandscapeRight";
				LD_RUNPATH_SEARCH_PATHS = (
					"$(inherited)",
					"@executable_path/Frameworks",
				);
				MARKETING_VERSION = 1.0;
				PRODUCT_BUNDLE_IDENTIFIER = today.eastriver.ebagilbo;
				PRODUCT_NAME = "$(TARGET_NAME)";
				SWIFT_EMIT_LOC_STRINGS = YES;
				SWIFT_VERSION = 5.0;
				TARGETED_DEVICE_FAMILY = "1,2";
			};
			name = Debug;
		};
		9B1B0EEA27314D3E00ACC62C /* Release */ = {
			isa = XCBuildConfiguration;
			buildSettings = {
				ASSETCATALOG_COMPILER_APPICON_NAME = AppIcon;
				ASSETCATALOG_COMPILER_GLOBAL_ACCENT_COLOR_NAME = AccentColor;
				CODE_SIGN_STYLE = Automatic;
				CURRENT_PROJECT_VERSION = 1;
				DEVELOPMENT_ASSET_PATHS = "\"ebagilbo/Preview Content\"";
				DEVELOPMENT_TEAM = WUAP2PU52R;
				ENABLE_PREVIEWS = YES;
				GENERATE_INFOPLIST_FILE = YES;
				INFOPLIST_FILE = ebagilbo/Info.plist;
				INFOPLIST_KEY_UIApplicationSceneManifest_Generation = YES;
				INFOPLIST_KEY_UIApplicationSupportsIndirectInputEvents = YES;
				INFOPLIST_KEY_UILaunchScreen_Generation = YES;
				INFOPLIST_KEY_UISupportedInterfaceOrientations_iPad = "UIInterfaceOrientationPortrait UIInterfaceOrientationPortraitUpsideDown UIInterfaceOrientationLandscapeLeft UIInterfaceOrientationLandscapeRight";
				INFOPLIST_KEY_UISupportedInterfaceOrientations_iPhone = "UIInterfaceOrientationPortrait UIInterfaceOrientationLandscapeLeft UIInterfaceOrientationLandscapeRight";
				LD_RUNPATH_SEARCH_PATHS = (
					"$(inherited)",
					"@executable_path/Frameworks",
				);
				MARKETING_VERSION = 1.0;
				PRODUCT_BUNDLE_IDENTIFIER = today.eastriver.ebagilbo;
				PRODUCT_NAME = "$(TARGET_NAME)";
				SWIFT_EMIT_LOC_STRINGS = YES;
				SWIFT_VERSION = 5.0;
				TARGETED_DEVICE_FAMILY = "1,2";
			};
			name = Release;
		};
/* End XCBuildConfiguration section */

/* Begin XCConfigurationList section */
		9B1B0ED527314D3C00ACC62C /* Build configuration list for PBXProject "ebagilbo" */ = {
			isa = XCConfigurationList;
			buildConfigurations = (
				9B1B0EE627314D3E00ACC62C /* Debug */,
				9B1B0EE727314D3E00ACC62C /* Release */,
			);
			defaultConfigurationIsVisible = 0;
			defaultConfigurationName = Release;
		};
		9B1B0EE827314D3E00ACC62C /* Build configuration list for PBXNativeTarget "ebagilbo" */ = {
			isa = XCConfigurationList;
			buildConfigurations = (
				9B1B0EE927314D3E00ACC62C /* Debug */,
				9B1B0EEA27314D3E00ACC62C /* Release */,
			);
			defaultConfigurationIsVisible = 0;
			defaultConfigurationName = Release;
		};
/* End XCConfigurationList section */
	};
	rootObject = 9B1B0ED227314D3C00ACC62C /* Project object */;
}
